
Microsoft Visual Studio Solution File, Format Version 12.00
# Visual Studio Version 17
VisualStudioVersion = 17.8.34525.116
MinimumVisualStudioVersion = 10.0.40219.1
Project("{9A19103F-16F7-4668-BE54-9A1E7A4F7556}") = "PasswordManagerTestTask", "PasswordManagerTestTask\PasswordManagerTestTask.csproj", "{71ABBE72-E9DB-4BDD-B844-970DD2E2FF34}"
EndProject
Project("{FAE04EC0-301F-11D3-BF4B-00C04F79EFBC}") = "ApplicationCore", "ApplicationCore\ApplicationCore.csproj", "{4F470650-0D2C-4770-82AE-4C41D371AEBB}"
EndProject
Project("{FAE04EC0-301F-11D3-BF4B-00C04F79EFBC}") = "Infrastructure", "Infrastructure\Infrastructure.csproj", "{A9358A94-5E97-4144-917E-785A7F99A551}"
EndProject
Global
	GlobalSection(SolutionConfigurationPlatforms) = preSolution
		Debug|Any CPU = Debug|Any CPU
		Release|Any CPU = Release|Any CPU
	EndGlobalSection
	GlobalSection(ProjectConfigurationPlatforms) = postSolution
		{71ABBE72-E9DB-4BDD-B844-970DD2E2FF34}.Debug|Any CPU.ActiveCfg = Debug|Any CPU
		{71ABBE72-E9DB-4BDD-B844-970DD2E2FF34}.Debug|Any CPU.Build.0 = Debug|Any CPU
		{71ABBE72-E9DB-4BDD-B844-970DD2E2FF34}.Release|Any CPU.ActiveCfg = Release|Any CPU
		{71ABBE72-E9DB-4BDD-B844-970DD2E2FF34}.Release|Any CPU.Build.0 = Release|Any CPU
		{4F470650-0D2C-4770-82AE-4C41D371AEBB}.Debug|Any CPU.ActiveCfg = Debug|Any CPU
		{4F470650-0D2C-4770-82AE-4C41D371AEBB}.Debug|Any CPU.Build.0 = Debug|Any CPU
		{4F470650-0D2C-4770-82AE-4C41D371AEBB}.Release|Any CPU.ActiveCfg = Release|Any CPU
		{4F470650-0D2C-4770-82AE-4C41D371AEBB}.Release|Any CPU.Build.0 = Release|Any CPU
		{A9358A94-5E97-4144-917E-785A7F99A551}.Debug|Any CPU.ActiveCfg = Debug|Any CPU
		{A9358A94-5E97-4144-917E-785A7F99A551}.Debug|Any CPU.Build.0 = Debug|Any CPU
		{A9358A94-5E97-4144-917E-785A7F99A551}.Release|Any CPU.ActiveCfg = Release|Any CPU
		{A9358A94-5E97-4144-917E-785A7F99A551}.Release|Any CPU.Build.0 = Release|Any CPU
	EndGlobalSection
	GlobalSection(SolutionProperties) = preSolution
		HideSolutionNode = FALSE
	EndGlobalSection
	GlobalSection(ExtensibilityGlobals) = postSolution
		SolutionGuid = {1E080408-9F97-4D66-A703-E2BDCAF33335}
	EndGlobalSection
EndGlobal
